{
  "name": "slate-app-website",
  "version": "1.0.0",
  "lockfileVersion": 2,
  "requires": true,
  "packages": {
    "": {
      "name": "slate-app-website",
      "version": "1.0.0",
      "license": "Creative Commons Attribution-NonCommercial-NoDerivatives 4.0 International",
      "devDependencies": {}
    }
  }
}
